// !$*UTF8*$!
{
	archiveVersion = 1;
	classes = {
	};
	objectVersion = 46;
	objects = {

/* Begin PBXBuildFile section */
		BCC2BD361C0F171400BA93DE /* main.m in Sources */ = {isa = PBXBuildFile; fileRef = BCC2BD351C0F171400BA93DE /* main.m */; };
		BCC2BD391C0F171400BA93DE /* AppDelegate.m in Sources */ = {isa = PBXBuildFile; fileRef = BCC2BD381C0F171400BA93DE /* AppDelegate.m */; };
		BCC2BD3C1C0F171400BA93DE /* ViewController.m in Sources */ = {isa = PBXBuildFile; fileRef = BCC2BD3B1C0F171400BA93DE /* ViewController.m */; };
		BCC2BD3F1C0F171400BA93DE /* Main.storyboard in Resources */ = {isa = PBXBuildFile; fileRef = BCC2BD3D1C0F171400BA93DE /* Main.storyboard */; };
		BCC2BD411C0F171400BA93DE /* Images.xcassets in Resources */ = {isa = PBXBuildFile; fileRef = BCC2BD401C0F171400BA93DE /* Images.xcassets */; };
		BCC2BD441C0F171400BA93DE /* LaunchScreen.xib in Resources */ = {isa = PBXBuildFile; fileRef = BCC2BD421C0F171400BA93DE /* LaunchScreen.xib */; };
		BCC2BD501C0F171400BA93DE /* TBBBBBBBTests.m in Sources */ = {isa = PBXBuildFile; fileRef = BCC2BD4F1C0F171400BA93DE /* TBBBBBBBTests.m */; };
/* End PBXBuildFile section */

/* Begin PBXContainerItemProxy section */
		BCC2BD4A1C0F171400BA93DE /* PBXContainerItemProxy */ = {
			isa = PBXContainerItemProxy;
			containerPortal = BCC2BD281C0F171300BA93DE /* Project object */;
			proxyType = 1;
			remoteGlobalIDString = BCC2BD2F1C0F171400BA93DE;
			remoteInfo = TBBBBBBB;
		};
/* End PBXContainerItemProxy section */

/* Begin PBXFileReference section */
		BCC2BD301C0F171400BA93DE /* TBBBBBBB.app */ = {isa = PBXFileReference; explicitFileType = wrapper.application; includeInIndex = 0; path = TBBBBBBB.app; sourceTree = BUILT_PRODUCTS_DIR; };
		BCC2BD341C0F171400BA93DE /* Info.plist */ = {isa = PBXFileReference; lastKnownFileType = text.plist.xml; path = Info.plist; sourceTree = "<group>"; };
		BCC2BD351C0F171400BA93DE /* main.m */ = {isa = PBXFileReference; lastKnownFileType = sourcecode.c.objc; path = main.m; sourceTree = "<group>"; };
		BCC2BD371C0F171400BA93DE /* AppDelegate.h */ = {isa = PBXFileReference; lastKnownFileType = sourcecode.c.h; path = AppDelegate.h; sourceTree = "<group>"; };
		BCC2BD381C0F171400BA93DE /* AppDelegate.m */ = {isa = PBXFileReference; lastKnownFileType = sourcecode.c.objc; path = AppDelegate.m; sourceTree = "<group>"; };
		BCC2BD3A1C0F171400BA93DE /* ViewController.h */ = {isa = PBXFileReference; lastKnownFileType = sourcecode.c.h; path = ViewController.h; sourceTree = "<group>"; };
		BCC2BD3B1C0F171400BA93DE /* ViewController.m */ = {isa = PBXFileReference; lastKnownFileType = sourcecode.c.objc; path = ViewController.m; sourceTree = "<group>"; };
		BCC2BD3E1C0F171400BA93DE /* Base */ = {isa = PBXFileReference; lastKnownFileType = file.storyboard; name = Base; path = Base.lproj/Main.storyboard; sourceTree = "<group>"; };
		BCC2BD401C0F171400BA93DE /* Images.xcassets */ = {isa = PBXFileReference; lastKnownFileType = folder.assetcatalog; path = Images.xcassets; sourceTree = "<group>"; };
		BCC2BD431C0F171400BA93DE /* Base */ = {isa = PBXFileReference; lastKnownFileType = file.xib; name = Base; path = Base.lproj/LaunchScreen.xib; sourceTree = "<group>"; };
		BCC2BD491C0F171400BA93DE /* TBBBBBBBTests.xctest */ = {isa = PBXFileReference; explicitFileType = wrapper.cfbundle; includeInIndex = 0; path = TBBBBBBBTests.xctest; sourceTree = BUILT_PRODUCTS_DIR; };
		BCC2BD4E1C0F171400BA93DE /* Info.plist */ = {isa = PBXFileReference; lastKnownFileType = text.plist.xml; path = Info.plist; sourceTree = "<group>"; };
		BCC2BD4F1C0F171400BA93DE /* TBBBBBBBTests.m */ = {isa = PBXFileReference; lastKnownFileType = sourcecode.c.objc; path = TBBBBBBBTests.m; sourceTree = "<group>"; };
/* End PBXFileReference section */

/* Begin PBXFrameworksBuildPhase section */
		BCC2BD2D1C0F171400BA93DE /* Frameworks */ = {
			isa = PBXFrameworksBuildPhase;
			buildActionMask = 2147483647;
			files = (
			);
			runOnlyForDeploymentPostprocessing = 0;
		};
		BCC2BD461C0F171400BA93DE /* Frameworks */ = {
			isa = PBXFrameworksBuildPhase;
			buildActionMask = 2147483647;
			files = (
			);
			runOnlyForDeploymentPostprocessing = 0;
		};
/* End PBXFrameworksBuildPhase section */

/* Begin PBXGroup section */
		BCC2BD271C0F171300BA93DE = {
			isa = PBXGroup;
			children = (
				BCC2BD321C0F171400BA93DE /* TBBBBBBB */,
				BCC2BD4C1C0F171400BA93DE /* TBBBBBBBTests */,
				BCC2BD311C0F171400BA93DE /* Products */,
			);
			sourceTree = "<group>";
		};
		BCC2BD311C0F171400BA93DE /* Products */ = {
			isa = PBXGroup;
			children = (
				BCC2BD301C0F171400BA93DE /* TBBBBBBB.app */,
				BCC2BD491C0F171400BA93DE /* TBBBBBBBTests.xctest */,
			);
			name = Products;
			sourceTree = "<group>";
		};
		BCC2BD321C0F171400BA93DE /* TBBBBBBB */ = {
			isa = PBXGroup;
			children = (
				BCC2BD371C0F171400BA93DE /* AppDelegate.h */,
				BCC2BD381C0F171400BA93DE /* AppDelegate.m */,
				BCC2BD3A1C0F171400BA93DE /* ViewController.h */,
				BCC2BD3B1C0F171400BA93DE /* ViewController.m */,
				BCC2BD3D1C0F171400BA93DE /* Main.storyboard */,
				BCC2BD401C0F171400BA93DE /* Images.xcassets */,
				BCC2BD421C0F171400BA93DE /* LaunchScreen.xib */,
				BCC2BD331C0F171400BA93DE /* Supporting Files */,
			);
			path = TBBBBBBB;
			sourceTree = "<group>";
		};
		BCC2BD331C0F171400BA93DE /* Supporting Files */ = {
			isa = PBXGroup;
			children = (
				BCC2BD341C0F171400BA93DE /* Info.plist */,
				BCC2BD351C0F171400BA93DE /* main.m */,
			);
			name = "Supporting Files";
			sourceTree = "<group>";
		};
		BCC2BD4C1C0F171400BA93DE /* TBBBBBBBTests */ = {
			isa = PBXGroup;
			children = (
				BCC2BD4F1C0F171400BA93DE /* TBBBBBBBTests.m */,
				BCC2BD4D1C0F171400BA93DE /* Supporting Files */,
			);
			path = TBBBBBBBTests;
			sourceTree = "<group>";
		};
		BCC2BD4D1C0F171400BA93DE /* Supporting Files */ = {
			isa = PBXGroup;
			children = (
				BCC2BD4E1C0F171400BA93DE /* Info.plist */,
			);
			name = "Supporting Files";
			sourceTree = "<group>";
		};
/* End PBXGroup section */

/* Begin PBXNativeTarget section */
		BCC2BD2F1C0F171400BA93DE /* TBBBBBBB */ = {
			isa = PBXNativeTarget;
			buildConfigurationList = BCC2BD531C0F171400BA93DE /* Build configuration list for PBXNativeTarget "TBBBBBBB" */;
			buildPhases = (
				BCC2BD2C1C0F171400BA93DE /* Sources */,
				BCC2BD2D1C0F171400BA93DE /* Frameworks */,
				BCC2BD2E1C0F171400BA93DE /* Resources */,
			);
			buildRules = (
			);
			dependencies = (
			);
			name = TBBBBBBB;
			productName = TBBBBBBB;
			productReference = BCC2BD301C0F171400BA93DE /* TBBBBBBB.app */;
			productType = "com.apple.product-type.application";
		};
		BCC2BD481C0F171400BA93DE /* TBBBBBBBTests */ = {
			isa = PBXNativeTarget;
			buildConfigurationList = BCC2BD561C0F171400BA93DE /* Build configuration list for PBXNativeTarget "TBBBBBBBTests" */;
			buildPhases = (
				BCC2BD451C0F171400BA93DE /* Sources */,
				BCC2BD461C0F171400BA93DE /* Frameworks */,
				BCC2BD471C0F171400BA93DE /* Resources */,
			);
			buildRules = (
			);
			dependencies = (
				BCC2BD4B1C0F171400BA93DE /* PBXTargetDependency */,
			);
			name = TBBBBBBBTests;
			productName = TBBBBBBBTests;
			productReference = BCC2BD491C0F171400BA93DE /* TBBBBBBBTests.xctest */;
			productType = "com.apple.product-type.bundle.unit-test";
		};
/* End PBXNativeTarget section */

/* Begin PBXProject section */
		BCC2BD281C0F171300BA93DE /* Project object */ = {
			isa = PBXProject;
			attributes = {
				LastUpgradeCheck = 0640;
				ORGANIZATIONNAME = TB;
				TargetAttributes = {
					BCC2BD2F1C0F171400BA93DE = {
						CreatedOnToolsVersion = 6.4;
					};
					BCC2BD481C0F171400BA93DE = {
						CreatedOnToolsVersion = 6.4;
						TestTargetID = BCC2BD2F1C0F171400BA93DE;
					};
				};
			};
			buildConfigurationList = BCC2BD2B1C0F171300BA93DE /* Build configuration list for PBXProject "TBBBBBBB" */;
			compatibilityVersion = "Xcode 3.2";
			developmentRegion = English;
			hasScannedForEncodings = 0;
			knownRegions = (
				en,
				Base,
			);
			mainGroup = BCC2BD271C0F171300BA93DE;
			productRefGroup = BCC2BD311C0F171400BA93DE /* Products */;
			projectDirPath = "";
			projectRoot = "";
			targets = (
				BCC2BD2F1C0F171400BA93DE /* TBBBBBBB */,
				BCC2BD481C0F171400BA93DE /* TBBBBBBBTests */,
			);
		};
/* End PBXProject section */

/* Begin PBXResourcesBuildPhase section */
		BCC2BD2E1C0F171400BA93DE /* Resources */ = {
			isa = PBXResourcesBuildPhase;
			buildActionMask = 2147483647;
			files = (
				BCC2BD3F1C0F171400BA93DE /* Main.storyboard in Resources */,
				BCC2BD441C0F171400BA93DE /* LaunchScreen.xib in Resources */,
				BCC2BD411C0F171400BA93DE /* Images.xcassets in Resources */,
			);
			runOnlyForDeploymentPostprocessing = 0;
		};
		BCC2BD471C0F171400BA93DE /* Resources */ = {
			isa = PBXResourcesBuildPhase;
			buildActionMask = 2147483647;
			files = (
			);
			runOnlyForDeploymentPostprocessing = 0;
		};
/* End PBXResourcesBuildPhase section */

/* Begin PBXSourcesBuildPhase section */
		BCC2BD2C1C0F171400BA93DE /* Sources */ = {
			isa = PBXSourcesBuildPhase;
			buildActionMask = 2147483647;
			files = (
				BCC2BD3C1C0F171400BA93DE /* ViewController.m in Sources */,
				BCC2BD391C0F171400BA93DE /* AppDelegate.m in Sources */,
				BCC2BD361C0F171400BA93DE /* main.m in Sources */,
			);
			runOnlyForDeploymentPostprocessing = 0;
		};
		BCC2BD451C0F171400BA93DE /* Sources */ = {
			isa = PBXSourcesBuildPhase;
			buildActionMask = 2147483647;
			files = (
				BCC2BD501C0F171400BA93DE /* TBBBBBBBTests.m in Sources */,
			);
			runOnlyForDeploymentPostprocessing = 0;
		};
/* End PBXSourcesBuildPhase section */

/* Begin PBXTargetDependency section */
		BCC2BD4B1C0F171400BA93DE /* PBXTargetDependency */ = {
			isa = PBXTargetDependency;
			target = BCC2BD2F1C0F171400BA93DE /* TBBBBBBB */;
			targetProxy = BCC2BD4A1C0F171400BA93DE /* PBXContainerItemProxy */;
		};
/* End PBXTargetDependency section */

/* Begin PBXVariantGroup section */
		BCC2BD3D1C0F171400BA93DE /* Main.storyboard */ = {
			isa = PBXVariantGroup;
			children = (
				BCC2BD3E1C0F171400BA93DE /* Base */,
			);
			name = Main.storyboard;
			sourceTree = "<group>";
		};
		BCC2BD421C0F171400BA93DE /* LaunchScreen.xib */ = {
			isa = PBXVariantGroup;
			children = (
				BCC2BD431C0F171400BA93DE /* Base */,
			);
			name = LaunchScreen.xib;
			sourceTree = "<group>";
		};
/* End PBXVariantGroup section */

/* Begin XCBuildConfiguration section */
		BCC2BD511C0F171400BA93DE /* Debug */ = {
			isa = XCBuildConfiguration;
			buildSettings = {
				ALWAYS_SEARCH_USER_PATHS = NO;
				CLANG_CXX_LANGUAGE_STANDARD = "gnu++0x";
				CLANG_CXX_LIBRARY = "libc++";
				CLANG_ENABLE_MODULES = YES;
				CLANG_ENABLE_OBJC_ARC = YES;
				CLANG_WARN_BOOL_CONVERSION = YES;
				CLANG_WARN_CONSTANT_CONVERSION = YES;
				CLANG_WARN_DIRECT_OBJC_ISA_USAGE = YES_ERROR;
				CLANG_WARN_EMPTY_BODY = YES;
				CLANG_WARN_ENUM_CONVERSION = YES;
				CLANG_WARN_INT_CONVERSION = YES;
				CLANG_WARN_OBJC_ROOT_CLASS = YES_ERROR;
				CLANG_WARN_UNREACHABLE_CODE = YES;
				CLANG_WARN__DUPLICATE_METHOD_MATCH = YES;
				"CODE_SIGN_IDENTITY[sdk=iphoneos*]" = "iPhone Developer";
				COPY_PHASE_STRIP = NO;
				DEBUG_INFORMATION_FORMAT = "dwarf-with-dsym";
				ENABLE_STRICT_OBJC_MSGSEND = YES;
				GCC_C_LANGUAGE_STANDARD = gnu99;
				GCC_DYNAMIC_NO_PIC = NO;
				GCC_NO_COMMON_BLOCKS = YES;
				GCC_OPTIMIZATION_LEVEL = 0;
				GCC_PREPROCESSOR_DEFINITIONS = (
					"DEBUG=1",
					"$(inherited)",
				);
				GCC_SYMBOLS_PRIVATE_EXTERN = NO;
				GCC_WARN_64_TO_32_BIT_CONVERSION = YES;
				GCC_WARN_ABOUT_RETURN_TYPE = YES_ERROR;
				GCC_WARN_UNDECLARED_SELECTOR = YES;
				GCC_WARN_UNINITIALIZED_AUTOS = YES_AGGRESSIVE;
				GCC_WARN_UNUSED_FUNCTION = YES;
				GCC_WARN_UNUSED_VARIABLE = YES;
				IPHONEOS_DEPLOYMENT_TARGET = 8.4;
				MTL_ENABLE_DEBUG_INFO = YES;
				ONLY_ACTIVE_ARCH = YES;
				SDKROOT = iphoneos;
			};
			name = Debug;
		};
		BCC2BD521C0F171400BA93DE /* Release */ = {
			isa = XCBuildConfiguration;
			buildSettings = {
				ALWAYS_SEARCH_USER_PATHS = NO;
				CLANG_CXX_LANGUAGE_STANDARD = "gnu++0x";
				CLANG_CXX_LIBRARY = "libc++";
				CLANG_ENABLE_MODULES = YES;
				CLANG_ENABLE_OBJC_ARC = YES;
				CLANG_WARN_BOOL_CONVERSION = YES;
				CLANG_WARN_CONSTANT_CONVERSION = YES;
				CLANG_WARN_DIRECT_OBJC_ISA_USAGE = YES_ERROR;
				CLANG_WARN_EMPTY_BODY = YES;
				CLANG_WARN_ENUM_CONVERSION = YES;
				CLANG_WARN_INT_CONVERSION = YES;
				CLANG_WARN_OBJC_ROOT_CLASS = YES_ERROR;
				CLANG_WARN_UNREACHABLE_CODE = YES;
				CLANG_WARN__DUPLICATE_METHOD_MATCH = YES;
				"CODE_SIGN_IDENTITY[sdk=iphoneos*]" = "iPhone Developer";
				COPY_PHASE_STRIP = NO;
				DEBUG_INFORMATION_FORMAT = "dwarf-with-dsym";
				ENABLE_NS_ASSERTIONS = NO;
				ENABLE_STRICT_OBJC_MSGSEND = YES;
				GCC_C_LANGUAGE_STANDARD = gnu99;
				GCC_NO_COMMON_BLOCKS = YES;
				GCC_WARN_64_TO_32_BIT_CONVERSION = YES;
				GCC_WARN_ABOUT_RETURN_TYPE = YES_ERROR;
				GCC_WARN_UNDECLARED_SELECTOR = YES;
				GCC_WARN_UNINITIALIZED_AUTOS = YES_AGGRESSIVE;
				GCC_WARN_UNUSED_FUNCTION = YES;
				GCC_WARN_UNUSED_VARIABLE = YES;
				IPHONEOS_DEPLOYMENT_TARGET = 8.4;
				MTL_ENABLE_DEBUG_INFO = NO;
				SDKROOT = iphoneos;
				VALIDATE_PRODUCT = YES;
			};
			name = Release;
		};
		BCC2BD541C0F171400BA93DE /* Debug */ = {
			isa = XCBuildConfiguration;
			buildSettings = {
				ASSETCATALOG_COMPILER_APPICON_NAME = AppIcon;
				INFOPLIST_FILE = TBBBBBBB/Info.plist;
				LD_RUNPATH_SEARCH_PATHS = "$(inherited) @executable_path/Frameworks";
				PRODUCT_NAME = "$(TARGET_NAME)";
			};
			name = Debug;
		};
		BCC2BD551C0F171400BA93DE /* Release */ = {
			isa = XCBuildConfiguration;
			buildSettings = {
				ASSETCATALOG_COMPILER_APPICON_NAME = AppIcon;
				INFOPLIST_FILE = TBBBBBBB/Info.plist;
				LD_RUNPATH_SEARCH_PATHS = "$(inherited) @executable_path/Frameworks";
				PRODUCT_NAME = "$(TARGET_NAME)";
			};
			name = Release;
		};
		BCC2BD571C0F171400BA93DE /* Debug */ = {
			isa = XCBuildConfiguration;
			buildSettings = {
				BUNDLE_LOADER = "$(TEST_HOST)";
				FRAMEWORK_SEARCH_PATHS = (
					"$(SDKROOT)/Developer/Library/Frameworks",
					"$(inherited)",
				);
				GCC_PREPROCESSOR_DEFINITIONS = (
					"DEBUG=1",
					"$(inherited)",
				);
				INFOPLIST_FILE = TBBBBBBBTests/Info.plist;
				LD_RUNPATH_SEARCH_PATHS = "$(inherited) @executable_path/Frameworks @loader_path/Frameworks";
				PRODUCT_NAME = "$(TARGET_NAME)";
				TEST_HOST = "$(BUILT_PRODUCTS_DIR)/TBBBBBBB.app/TBBBBBBB";
			};
			name = Debug;
		};
		BCC2BD581C0F171400BA93DE /* Release */ = {
			isa = XCBuildConfiguration;
			buildSettings = {
				BUNDLE_LOADER = "$(TEST_HOST)";
				FRAMEWORK_SEARCH_PATHS = (
					"$(SDKROOT)/Developer/Library/Frameworks",
					"$(inherited)",
				);
				INFOPLIST_FILE = TBBBBBBBTests/Info.plist;
				LD_RUNPATH_SEARCH_PATHS = "$(inherited) @executable_path/Frameworks @loader_path/Frameworks";
				PRODUCT_NAME = "$(TARGET_NAME)";
				TEST_HOST = "$(BUILT_PRODUCTS_DIR)/TBBBBBBB.app/TBBBBBBB";
			};
			name = Release;
		};
/* End XCBuildConfiguration section */

/* Begin XCConfigurationList section */
		BCC2BD2B1C0F171300BA93DE /* Build configuration list for PBXProject "TBBBBBBB" */ = {
			isa = XCConfigurationList;
			buildConfigurations = (
				BCC2BD511C0F171400BA93DE /* Debug */,
				BCC2BD521C0F171400BA93DE /* Release */,
			);
			defaultConfigurationIsVisible = 0;
			defaultConfigurationName = Release;
		};
		BCC2BD531C0F171400BA93DE /* Build configuration list for PBXNativeTarget "TBBBBBBB" */ = {
			isa = XCConfigurationList;
			buildConfigurations = (
				BCC2BD541C0F171400BA93DE /* Debug */,
				BCC2BD551C0F171400BA93DE /* Release */,
			);
			defaultConfigurationIsVisible = 0;
		};
		BCC2BD561C0F171400BA93DE /* Build configuration list for PBXNativeTarget "TBBBBBBBTests" */ = {
			isa = XCConfigurationList;
			buildConfigurations = (
				BCC2BD571C0F171400BA93DE /* Debug */,
				BCC2BD581C0F171400BA93DE /* Release */,
			);
			defaultConfigurationIsVisible = 0;
		};
/* End XCConfigurationList section */
	};
	rootObject = BCC2BD281C0F171300BA93DE /* Project object */;
}
